
Microsoft Visual Studio Solution File, Format Version 12.00
# Visual Studio Version 16
VisualStudioVersion = 16.0.32929.386
MinimumVisualStudioVersion = 10.0.40219.1
Project("{FAE04EC0-301F-11D3-BF4B-00C04F79EFBC}") = "task_10.1", "task_10.1.csproj", "{C9D717B6-2104-46C2-97FD-91A40FF972E9}"
EndProject
Global
	GlobalSection(SolutionConfigurationPlatforms) = preSolution
		Debug|Any CPU = Debug|Any CPU
		Release|Any CPU = Release|Any CPU
	EndGlobalSection
	GlobalSection(ProjectConfigurationPlatforms) = postSolution
		{C9D717B6-2104-46C2-97FD-91A40FF972E9}.Debug|Any CPU.ActiveCfg = Debug|Any CPU
		{C9D717B6-2104-46C2-97FD-91A40FF972E9}.Debug|Any CPU.Build.0 = Debug|Any CPU
		{C9D717B6-2104-46C2-97FD-91A40FF972E9}.Release|Any CPU.ActiveCfg = Release|Any CPU
		{C9D717B6-2104-46C2-97FD-91A40FF972E9}.Release|Any CPU.Build.0 = Release|Any CPU
	EndGlobalSection
	GlobalSection(SolutionProperties) = preSolution
		HideSolutionNode = FALSE
	EndGlobalSection
	GlobalSection(ExtensibilityGlobals) = postSolution
		SolutionGuid = {883D0E78-45FE-4E65-A3F5-975241A9D044}
	EndGlobalSection
EndGlobal
